
Microsoft Visual Studio Solution File, Format Version 12.00
# Visual Studio Version 17
VisualStudioVersion = 17.4.33403.182
MinimumVisualStudioVersion = 10.0.40219.1
Project("{FAE04EC0-301F-11D3-BF4B-00C04F79EFBC}") = "WAD_Portfolio_12252", "WAD_Portfolio_12252\WAD_Portfolio_12252.csproj", "{870AF9AC-3DE8-426B-9F7A-8F9F302A0D13}"
EndProject
Global
	GlobalSection(SolutionConfigurationPlatforms) = preSolution
		Debug|Any CPU = Debug|Any CPU
		Release|Any CPU = Release|Any CPU
	EndGlobalSection
	GlobalSection(ProjectConfigurationPlatforms) = postSolution
		{870AF9AC-3DE8-426B-9F7A-8F9F302A0D13}.Debug|Any CPU.ActiveCfg = Debug|Any CPU
		{870AF9AC-3DE8-426B-9F7A-8F9F302A0D13}.Debug|Any CPU.Build.0 = Debug|Any CPU
		{870AF9AC-3DE8-426B-9F7A-8F9F302A0D13}.Release|Any CPU.ActiveCfg = Release|Any CPU
		{870AF9AC-3DE8-426B-9F7A-8F9F302A0D13}.Release|Any CPU.Build.0 = Release|Any CPU
	EndGlobalSection
	GlobalSection(SolutionProperties) = preSolution
		HideSolutionNode = FALSE
	EndGlobalSection
	GlobalSection(ExtensibilityGlobals) = postSolution
		SolutionGuid = {F7498BFF-BD42-40BA-A574-10C32F54D4A0}
	EndGlobalSection
EndGlobal
